
Microsoft Visual Studio Solution File, Format Version 12.00
# Visual Studio Version 17
VisualStudioVersion = 17.7.34009.444
MinimumVisualStudioVersion = 10.0.40219.1
Project("{2150E333-8FDC-42A3-9474-1A3956D46DE8}") = "System", "System", "{6A065CD7-0FC7-4BB0-B3B1-5F1C9666C63F}"
EndProject
Project("{FAE04EC0-301F-11D3-BF4B-00C04F79EFBC}") = "CMS.System", "CMS.System\CMS.System.csproj", "{9F3E146B-B1DA-499F-BC4C-8179072DC2E4}"
EndProject
Global
	GlobalSection(SolutionConfigurationPlatforms) = preSolution
		Debug|Any CPU = Debug|Any CPU
		Release|Any CPU = Release|Any CPU
	EndGlobalSection
	GlobalSection(ProjectConfigurationPlatforms) = postSolution
		{9F3E146B-B1DA-499F-BC4C-8179072DC2E4}.Debug|Any CPU.ActiveCfg = Debug|Any CPU
		{9F3E146B-B1DA-499F-BC4C-8179072DC2E4}.Debug|Any CPU.Build.0 = Debug|Any CPU
		{9F3E146B-B1DA-499F-BC4C-8179072DC2E4}.Release|Any CPU.ActiveCfg = Release|Any CPU
		{9F3E146B-B1DA-499F-BC4C-8179072DC2E4}.Release|Any CPU.Build.0 = Release|Any CPU
	EndGlobalSection
	GlobalSection(SolutionProperties) = preSolution
		HideSolutionNode = FALSE
	EndGlobalSection
	GlobalSection(NestedProjects) = preSolution
		{9F3E146B-B1DA-499F-BC4C-8179072DC2E4} = {6A065CD7-0FC7-4BB0-B3B1-5F1C9666C63F}
	EndGlobalSection
	GlobalSection(ExtensibilityGlobals) = postSolution
		SolutionGuid = {1D334E8D-1B89-4E86-A8D5-72D8297D42B0}
	EndGlobalSection
EndGlobal
